
Microsoft Visual Studio Solution File, Format Version 12.00
# Visual Studio Version 17
VisualStudioVersion = 17.4.33205.214
MinimumVisualStudioVersion = 10.0.40219.1
Project("{8BC9CEB8-8B4A-11D0-8D11-00A0C91BC942}") = "实验", "实验.vcxproj", "{CBB36AAF-BE06-41D7-BF38-4F30E596D0B1}"
EndProject
Global
	GlobalSection(SolutionConfigurationPlatforms) = preSolution
		Debug|x64 = Debug|x64
		Debug|x86 = Debug|x86
		Release|x64 = Release|x64
		Release|x86 = Release|x86
	EndGlobalSection
	GlobalSection(ProjectConfigurationPlatforms) = postSolution
		{CBB36AAF-BE06-41D7-BF38-4F30E596D0B1}.Debug|x64.ActiveCfg = Debug|x64
		{CBB36AAF-BE06-41D7-BF38-4F30E596D0B1}.Debug|x64.Build.0 = Debug|x64
		{CBB36AAF-BE06-41D7-BF38-4F30E596D0B1}.Debug|x86.ActiveCfg = Debug|Win32
		{CBB36AAF-BE06-41D7-BF38-4F30E596D0B1}.Debug|x86.Build.0 = Debug|Win32
		{CBB36AAF-BE06-41D7-BF38-4F30E596D0B1}.Release|x64.ActiveCfg = Release|x64
		{CBB36AAF-BE06-41D7-BF38-4F30E596D0B1}.Release|x64.Build.0 = Release|x64
		{CBB36AAF-BE06-41D7-BF38-4F30E596D0B1}.Release|x86.ActiveCfg = Release|Win32
		{CBB36AAF-BE06-41D7-BF38-4F30E596D0B1}.Release|x86.Build.0 = Release|Win32
	EndGlobalSection
	GlobalSection(SolutionProperties) = preSolution
		HideSolutionNode = FALSE
	EndGlobalSection
	GlobalSection(ExtensibilityGlobals) = postSolution
		SolutionGuid = {52826807-791D-4F09-AB41-00CBE2B7866F}
	EndGlobalSection
EndGlobal
